
Microsoft Visual Studio Solution File, Format Version 12.00
# Visual Studio Version 17
VisualStudioVersion = 17.3.32825.248
MinimumVisualStudioVersion = 10.0.40219.1
Project("{FAE04EC0-301F-11D3-BF4B-00C04F79EFBC}") = "Gastos", "Gastos\Gastos.csproj", "{E2FC69AD-03A0-4F1B-9078-DCC306871531}"
EndProject
Global
	GlobalSection(SolutionConfigurationPlatforms) = preSolution
		Debug|Any CPU = Debug|Any CPU
		Release|Any CPU = Release|Any CPU
	EndGlobalSection
	GlobalSection(ProjectConfigurationPlatforms) = postSolution
		{E2FC69AD-03A0-4F1B-9078-DCC306871531}.Debug|Any CPU.ActiveCfg = Debug|Any CPU
		{E2FC69AD-03A0-4F1B-9078-DCC306871531}.Debug|Any CPU.Build.0 = Debug|Any CPU
		{E2FC69AD-03A0-4F1B-9078-DCC306871531}.Release|Any CPU.ActiveCfg = Release|Any CPU
		{E2FC69AD-03A0-4F1B-9078-DCC306871531}.Release|Any CPU.Build.0 = Release|Any CPU
	EndGlobalSection
	GlobalSection(SolutionProperties) = preSolution
		HideSolutionNode = FALSE
	EndGlobalSection
	GlobalSection(ExtensibilityGlobals) = postSolution
		SolutionGuid = {7FCE09DF-CB50-40C4-9432-DE651B606317}
	EndGlobalSection
EndGlobal
